
Microsoft Visual Studio Solution File, Format Version 12.00
# Visual Studio Version 17
VisualStudioVersion = 17.3.32929.385
MinimumVisualStudioVersion = 10.0.40219.1
Project("{9A19103F-16F7-4668-BE54-9A1E7A4F7556}") = "ECommerceApplication", "ECommerceApplication\ECommerceApplication.csproj", "{965F70A8-1096-4867-905F-B3FD66D42CB7}"
EndProject
Project("{FAE04EC0-301F-11D3-BF4B-00C04F79EFBC}") = "TestProject", "TestProject\TestProject.csproj", "{03AFB26D-E779-40EE-98BF-91092FDFA99E}"
EndProject
Global
	GlobalSection(SolutionConfigurationPlatforms) = preSolution
		Debug|Any CPU = Debug|Any CPU
		Release|Any CPU = Release|Any CPU
	EndGlobalSection
	GlobalSection(ProjectConfigurationPlatforms) = postSolution
		{965F70A8-1096-4867-905F-B3FD66D42CB7}.Debug|Any CPU.ActiveCfg = Debug|Any CPU
		{965F70A8-1096-4867-905F-B3FD66D42CB7}.Debug|Any CPU.Build.0 = Debug|Any CPU
		{965F70A8-1096-4867-905F-B3FD66D42CB7}.Release|Any CPU.ActiveCfg = Release|Any CPU
		{965F70A8-1096-4867-905F-B3FD66D42CB7}.Release|Any CPU.Build.0 = Release|Any CPU
		{03AFB26D-E779-40EE-98BF-91092FDFA99E}.Debug|Any CPU.ActiveCfg = Debug|Any CPU
		{03AFB26D-E779-40EE-98BF-91092FDFA99E}.Debug|Any CPU.Build.0 = Debug|Any CPU
		{03AFB26D-E779-40EE-98BF-91092FDFA99E}.Release|Any CPU.ActiveCfg = Release|Any CPU
		{03AFB26D-E779-40EE-98BF-91092FDFA99E}.Release|Any CPU.Build.0 = Release|Any CPU
	EndGlobalSection
	GlobalSection(SolutionProperties) = preSolution
		HideSolutionNode = FALSE
	EndGlobalSection
	GlobalSection(ExtensibilityGlobals) = postSolution
		SolutionGuid = {028863AA-C102-468B-970F-F9E565B11621}
	EndGlobalSection
EndGlobal
